
Microsoft Visual Studio Solution File, Format Version 12.00
# Visual Studio 2012
Project("{8BC9CEB8-8B4A-11D0-8D11-00A0C91BC942}") = "ball_moving", "ball_moving\ball_moving.vcxproj", "{4BB9F1E0-5E86-4FAC-AE69-2F245B7B468E}"
EndProject
Project("{F088123C-0E9E-452A-89E6-6BA2F21D5CAC}") = "ModelingProject1", "ModelingProject1\ModelingProject1.modelproj", "{9507D8F3-DB9A-41ED-8786-2E927F9B2600}"
EndProject
Global
	GlobalSection(SolutionConfigurationPlatforms) = preSolution
		Debug|Any CPU = Debug|Any CPU
		Debug|Mixed Platforms = Debug|Mixed Platforms
		Debug|Win32 = Debug|Win32
		Release|Any CPU = Release|Any CPU
		Release|Mixed Platforms = Release|Mixed Platforms
		Release|Win32 = Release|Win32
	EndGlobalSection
	GlobalSection(ProjectConfigurationPlatforms) = postSolution
		{4BB9F1E0-5E86-4FAC-AE69-2F245B7B468E}.Debug|Any CPU.ActiveCfg = Debug|Win32
		{4BB9F1E0-5E86-4FAC-AE69-2F245B7B468E}.Debug|Mixed Platforms.ActiveCfg = Debug|Win32
		{4BB9F1E0-5E86-4FAC-AE69-2F245B7B468E}.Debug|Mixed Platforms.Build.0 = Debug|Win32
		{4BB9F1E0-5E86-4FAC-AE69-2F245B7B468E}.Debug|Win32.ActiveCfg = Debug|Win32
		{4BB9F1E0-5E86-4FAC-AE69-2F245B7B468E}.Debug|Win32.Build.0 = Debug|Win32
		{4BB9F1E0-5E86-4FAC-AE69-2F245B7B468E}.Release|Any CPU.ActiveCfg = Release|Win32
		{4BB9F1E0-5E86-4FAC-AE69-2F245B7B468E}.Release|Mixed Platforms.ActiveCfg = Release|Win32
		{4BB9F1E0-5E86-4FAC-AE69-2F245B7B468E}.Release|Mixed Platforms.Build.0 = Release|Win32
		{4BB9F1E0-5E86-4FAC-AE69-2F245B7B468E}.Release|Win32.ActiveCfg = Release|Win32
		{4BB9F1E0-5E86-4FAC-AE69-2F245B7B468E}.Release|Win32.Build.0 = Release|Win32
		{9507D8F3-DB9A-41ED-8786-2E927F9B2600}.Debug|Any CPU.ActiveCfg = Debug|Any CPU
		{9507D8F3-DB9A-41ED-8786-2E927F9B2600}.Debug|Any CPU.Build.0 = Debug|Any CPU
		{9507D8F3-DB9A-41ED-8786-2E927F9B2600}.Debug|Mixed Platforms.ActiveCfg = Debug|Any CPU
		{9507D8F3-DB9A-41ED-8786-2E927F9B2600}.Debug|Mixed Platforms.Build.0 = Debug|Any CPU
		{9507D8F3-DB9A-41ED-8786-2E927F9B2600}.Debug|Win32.ActiveCfg = Debug|Any CPU
		{9507D8F3-DB9A-41ED-8786-2E927F9B2600}.Release|Any CPU.ActiveCfg = Release|Any CPU
		{9507D8F3-DB9A-41ED-8786-2E927F9B2600}.Release|Any CPU.Build.0 = Release|Any CPU
		{9507D8F3-DB9A-41ED-8786-2E927F9B2600}.Release|Mixed Platforms.ActiveCfg = Release|Any CPU
		{9507D8F3-DB9A-41ED-8786-2E927F9B2600}.Release|Mixed Platforms.Build.0 = Release|Any CPU
		{9507D8F3-DB9A-41ED-8786-2E927F9B2600}.Release|Win32.ActiveCfg = Release|Any CPU
	EndGlobalSection
	GlobalSection(SolutionProperties) = preSolution
		HideSolutionNode = FALSE
	EndGlobalSection
EndGlobal
